Microsoft Visual Studio Solution File, Format Version 12.00
# Visual Studio 15
VisualStudioVersion = 15.0.26127.0
MinimumVisualStudioVersion = 10.0.40219.1
Project("{FAE04EC0-301F-11D3-BF4B-00C04F79EFBC}") = "System.Data.Odbc.Tests", "tests\FunctionalTests\System.Data.Odbc.Tests.csproj", "{F3E72F35-0351-4D67-2209-725BCAD807BA}"
	ProjectSection(ProjectDependencies) = postProject
		{1DD0FF15-6234-4BD6-850A-6A7F05479554} = {1DD0FF15-6234-4BD6-850A-6A7F05479554}
	EndProjectSection
EndProject
Project("{FAE04EC0-301F-11D3-BF4B-00C04F79EFBC}") = "System.Data.Odbc", "src\System.Data.Odbc.csproj", "{1DD0FF15-6234-4BD6-850A-6A7F05479554}"
EndProject
Project("{2150E333-8FDC-42A3-9474-1A3956D46DE8}") = "tests", "tests", "{998D94C7-D3B6-4478-9A37-FC2F51B01AAE}"
EndProject
Global
	GlobalSection(SolutionConfigurationPlatforms) = preSolution
		DebugNETCoreAppnetcoreapp-Unix|AnyCPU = DebugNETCoreAppnetcoreapp-Unix|AnyCPU
		DebugNETCoreAppnetcoreapp-Windows_NT|AnyCPU = DebugNETCoreAppnetcoreapp-Windows_NT|AnyCPU
		ReleaseNETCoreAppnetcoreapp-Unix|AnyCPU = ReleaseNETCoreAppnetcoreapp-Unix|AnyCPU
		ReleaseNETCoreAppnetcoreapp-Windows_NT|AnyCPU = ReleaseNETCoreAppnetcoreapp-Windows_NT|AnyCPU
	EndGlobalSection
	GlobalSection(ProjectConfigurationPlatforms) = postSolution
		{F3E72F35-0351-4D67-2209-725BCAD807BA}.DebugNETCoreAppnetcoreapp-Unix|AnyCPU.ActiveCfg = netcoreapp-Windows_NT-Debug|Any CPU
		{F3E72F35-0351-4D67-2209-725BCAD807BA}.DebugNETCoreAppnetcoreapp-Unix|AnyCPU.Build.0 = netcoreapp-Windows_NT-Debug|Any CPU
		{F3E72F35-0351-4D67-2209-725BCAD807BA}.DebugNETCoreAppnetcoreapp-Windows_NT|AnyCPU.ActiveCfg = netcoreapp-Windows_NT-Debug|Any CPU
		{F3E72F35-0351-4D67-2209-725BCAD807BA}.ReleaseNETCoreAppnetcoreapp-Unix|AnyCPU.ActiveCfg = netcoreapp-Windows_NT-Release|Any CPU
		{F3E72F35-0351-4D67-2209-725BCAD807BA}.ReleaseNETCoreAppnetcoreapp-Unix|AnyCPU.Build.0 = netcoreapp-Windows_NT-Release|Any CPU
		{F3E72F35-0351-4D67-2209-725BCAD807BA}.ReleaseNETCoreAppnetcoreapp-Windows_NT|AnyCPU.ActiveCfg = netcoreapp-Windows_NT-Release|Any CPU
		{1DD0FF15-6234-4BD6-850A-6A7F05479554}.DebugNETCoreAppnetcoreapp-Unix|AnyCPU.ActiveCfg = netcoreapp-Unix-Debug|Any CPU
		{1DD0FF15-6234-4BD6-850A-6A7F05479554}.DebugNETCoreAppnetcoreapp-Unix|AnyCPU.Build.0 = netcoreapp-Unix-Debug|Any CPU
		{1DD0FF15-6234-4BD6-850A-6A7F05479554}.DebugNETCoreAppnetcoreapp-Windows_NT|AnyCPU.ActiveCfg = netcoreapp-Windows_NT-Debug|Any CPU
		{1DD0FF15-6234-4BD6-850A-6A7F05479554}.DebugNETCoreAppnetcoreapp-Windows_NT|AnyCPU.Build.0 = netcoreapp-Windows_NT-Debug|Any CPU
		{1DD0FF15-6234-4BD6-850A-6A7F05479554}.ReleaseNETCoreAppnetcoreapp-Unix|AnyCPU.ActiveCfg = netcoreapp-Unix-Release|Any CPU
		{1DD0FF15-6234-4BD6-850A-6A7F05479554}.ReleaseNETCoreAppnetcoreapp-Unix|AnyCPU.Build.0 = netcoreapp-Unix-Release|Any CPU
		{1DD0FF15-6234-4BD6-850A-6A7F05479554}.ReleaseNETCoreAppnetcoreapp-Windows_NT|AnyCPU.ActiveCfg = netcoreapp-Windows_NT-Release|Any CPU
		{1DD0FF15-6234-4BD6-850A-6A7F05479554}.ReleaseNETCoreAppnetcoreapp-Windows_NT|AnyCPU.Build.0 = netcoreapp-Windows_NT-Release|Any CPU
	EndGlobalSection
	GlobalSection(SolutionProperties) = preSolution
		HideSolutionNode = FALSE
	EndGlobalSection
	GlobalSection(NestedProjects) = preSolution
		{F3E72F35-0351-4D67-2209-725BCAD807BA} = {998D94C7-D3B6-4478-9A37-FC2F51B01AAE}
	EndGlobalSection
EndGlobal
